
Microsoft Visual Studio Solution File, Format Version 12.00
# Visual Studio Version 16
VisualStudioVersion = 16.0.31402.337
MinimumVisualStudioVersion = 10.0.40219.1
Project("{9A19103F-16F7-4668-BE54-9A1E7A4F7556}") = "Application", "clean Architecture (Soudiane)\src\Application\Application.csproj", "{F322A427-D77C-46C6-89EB-3B8FEB80947B}"
EndProject
Project("{9A19103F-16F7-4668-BE54-9A1E7A4F7556}") = "Domain", "clean Architecture (Soudiane)\src\Domain\Domain.csproj", "{80FBC897-D9DA-4F81-AF41-F60E8704730A}"
EndProject
Project("{9A19103F-16F7-4668-BE54-9A1E7A4F7556}") = "Infrastructure", "clean Architecture (Soudiane)\src\Infrastructure\Infrastructure.csproj", "{C0370168-8A92-41B8-9BEE-D02CBCC0B088}"
EndProject
Project("{9A19103F-16F7-4668-BE54-9A1E7A4F7556}") = "Application.IntegrationTests", "clean Architecture (Soudiane)\tests\Application.IntegrationTests\Application.IntegrationTests.csproj", "{1D279C9D-A6AC-4B94-9A58-39B23A2E2B98}"
EndProject
Project("{9A19103F-16F7-4668-BE54-9A1E7A4F7556}") = "Application.UnitTests", "clean Architecture (Soudiane)\tests\Application.UnitTests\Application.UnitTests.csproj", "{3ABA447D-C1BD-4C3F-9C73-D9BF69DDB35D}"
EndProject
Project("{9A19103F-16F7-4668-BE54-9A1E7A4F7556}") = "Domain.UnitTests", "clean Architecture (Soudiane)\tests\Domain.UnitTests\Domain.UnitTests.csproj", "{64901304-7AC4-4720-B67B-E601019AE933}"
EndProject
Project("{2150E333-8FDC-42A3-9474-1A3956D46DE8}") = "Testes", "Testes", "{90CA24F4-CDCB-4136-B398-A2D8711577E2}"
EndProject
Project("{2150E333-8FDC-42A3-9474-1A3956D46DE8}") = "Services", "Services", "{CEAFF723-C216-41EB-A7FB-C8BE7F36D241}"
EndProject
Project("{2150E333-8FDC-42A3-9474-1A3956D46DE8}") = "VenteService", "VenteService", "{270D3332-DB35-4159-B52C-A9F3CD53F57C}"
EndProject
Project("{2150E333-8FDC-42A3-9474-1A3956D46DE8}") = "DeskTop", "DeskTop", "{859B0E9D-336B-4639-B225-BA5B23D271B5}"
EndProject
Project("{9A19103F-16F7-4668-BE54-9A1E7A4F7556}") = "POS", "POS\POS.csproj", "{7F660B4E-0724-4563-9703-A2ABAB8ED5E2}"
EndProject
Project("{9A19103F-16F7-4668-BE54-9A1E7A4F7556}") = "POS_API", "POS_API\POS_API.csproj", "{3AD2E69A-B154-4E9A-BDED-1235A8689759}"
EndProject
Project("{2150E333-8FDC-42A3-9474-1A3956D46DE8}") = "SPA", "SPA", "{5980DFFC-C0BA-4D98-B198-FFD2389C632D}"
EndProject
Project("{9A19103F-16F7-4668-BE54-9A1E7A4F7556}") = "AngularClient", "AngularClient\AngularClient.csproj", "{59973F2B-C4CF-440E-90BF-D5056CFA565E}"
EndProject
Project("{2150E333-8FDC-42A3-9474-1A3956D46DE8}") = "Service", "Service", "{626BFDD2-D01A-4089-AEBF-69166163224C}"
EndProject
Project("{2150E333-8FDC-42A3-9474-1A3956D46DE8}") = "DeskTop", "DeskTop", "{C0C89F92-E6EE-4BD7-ACCD-140F8B892E22}"
EndProject
Project("{FAE04EC0-301F-11D3-BF4B-00C04F79EFBC}") = "DeskTop.Integration.Tests", "DeskTop.Integration.Tests\DeskTop.Integration.Tests.csproj", "{1945FA70-36EA-4492-8791-56E587331595}"
EndProject
Project("{9A19103F-16F7-4668-BE54-9A1E7A4F7556}") = "ApplicationWeb", "clean Architecture (Soudiane)\src\ApplicationWeb\ApplicationWeb.csproj", "{CD10411E-F124-48D8-ABA6-87AEA1D1EE10}"
EndProject
Project("{9A19103F-16F7-4668-BE54-9A1E7A4F7556}") = "InfrastructureWeb", "clean Architecture (Soudiane)\src\InfrastructureWeb\InfrastructureWeb.csproj", "{450613C1-4BD8-499E-9408-BC764F8B27B1}"
EndProject
Global
	GlobalSection(SolutionConfigurationPlatforms) = preSolution
		Debug|Any CPU = Debug|Any CPU
		Release|Any CPU = Release|Any CPU
	EndGlobalSection
	GlobalSection(ProjectConfigurationPlatforms) = postSolution
		{F322A427-D77C-46C6-89EB-3B8FEB80947B}.Debug|Any CPU.ActiveCfg = Debug|Any CPU
		{F322A427-D77C-46C6-89EB-3B8FEB80947B}.Debug|Any CPU.Build.0 = Debug|Any CPU
		{F322A427-D77C-46C6-89EB-3B8FEB80947B}.Release|Any CPU.ActiveCfg = Release|Any CPU
		{F322A427-D77C-46C6-89EB-3B8FEB80947B}.Release|Any CPU.Build.0 = Release|Any CPU
		{80FBC897-D9DA-4F81-AF41-F60E8704730A}.Debug|Any CPU.ActiveCfg = Debug|Any CPU
		{80FBC897-D9DA-4F81-AF41-F60E8704730A}.Debug|Any CPU.Build.0 = Debug|Any CPU
		{80FBC897-D9DA-4F81-AF41-F60E8704730A}.Release|Any CPU.ActiveCfg = Release|Any CPU
		{80FBC897-D9DA-4F81-AF41-F60E8704730A}.Release|Any CPU.Build.0 = Release|Any CPU
		{C0370168-8A92-41B8-9BEE-D02CBCC0B088}.Debug|Any CPU.ActiveCfg = Debug|Any CPU
		{C0370168-8A92-41B8-9BEE-D02CBCC0B088}.Debug|Any CPU.Build.0 = Debug|Any CPU
		{C0370168-8A92-41B8-9BEE-D02CBCC0B088}.Release|Any CPU.ActiveCfg = Release|Any CPU
		{C0370168-8A92-41B8-9BEE-D02CBCC0B088}.Release|Any CPU.Build.0 = Release|Any CPU
		{1D279C9D-A6AC-4B94-9A58-39B23A2E2B98}.Debug|Any CPU.ActiveCfg = Debug|Any CPU
		{1D279C9D-A6AC-4B94-9A58-39B23A2E2B98}.Debug|Any CPU.Build.0 = Debug|Any CPU
		{1D279C9D-A6AC-4B94-9A58-39B23A2E2B98}.Release|Any CPU.ActiveCfg = Release|Any CPU
		{1D279C9D-A6AC-4B94-9A58-39B23A2E2B98}.Release|Any CPU.Build.0 = Release|Any CPU
		{3ABA447D-C1BD-4C3F-9C73-D9BF69DDB35D}.Debug|Any CPU.ActiveCfg = Debug|Any CPU
		{3ABA447D-C1BD-4C3F-9C73-D9BF69DDB35D}.Debug|Any CPU.Build.0 = Debug|Any CPU
		{3ABA447D-C1BD-4C3F-9C73-D9BF69DDB35D}.Release|Any CPU.ActiveCfg = Release|Any CPU
		{3ABA447D-C1BD-4C3F-9C73-D9BF69DDB35D}.Release|Any CPU.Build.0 = Release|Any CPU
		{64901304-7AC4-4720-B67B-E601019AE933}.Debug|Any CPU.ActiveCfg = Debug|Any CPU
		{64901304-7AC4-4720-B67B-E601019AE933}.Debug|Any CPU.Build.0 = Debug|Any CPU
		{64901304-7AC4-4720-B67B-E601019AE933}.Release|Any CPU.ActiveCfg = Release|Any CPU
		{64901304-7AC4-4720-B67B-E601019AE933}.Release|Any CPU.Build.0 = Release|Any CPU
		{7F660B4E-0724-4563-9703-A2ABAB8ED5E2}.Debug|Any CPU.ActiveCfg = Debug|Any CPU
		{7F660B4E-0724-4563-9703-A2ABAB8ED5E2}.Debug|Any CPU.Build.0 = Debug|Any CPU
		{7F660B4E-0724-4563-9703-A2ABAB8ED5E2}.Release|Any CPU.ActiveCfg = Release|Any CPU
		{7F660B4E-0724-4563-9703-A2ABAB8ED5E2}.Release|Any CPU.Build.0 = Release|Any CPU
		{3AD2E69A-B154-4E9A-BDED-1235A8689759}.Debug|Any CPU.ActiveCfg = Debug|Any CPU
		{3AD2E69A-B154-4E9A-BDED-1235A8689759}.Debug|Any CPU.Build.0 = Debug|Any CPU
		{3AD2E69A-B154-4E9A-BDED-1235A8689759}.Release|Any CPU.ActiveCfg = Release|Any CPU
		{3AD2E69A-B154-4E9A-BDED-1235A8689759}.Release|Any CPU.Build.0 = Release|Any CPU
		{59973F2B-C4CF-440E-90BF-D5056CFA565E}.Debug|Any CPU.ActiveCfg = Debug|Any CPU
		{59973F2B-C4CF-440E-90BF-D5056CFA565E}.Debug|Any CPU.Build.0 = Debug|Any CPU
		{59973F2B-C4CF-440E-90BF-D5056CFA565E}.Release|Any CPU.ActiveCfg = Release|Any CPU
		{59973F2B-C4CF-440E-90BF-D5056CFA565E}.Release|Any CPU.Build.0 = Release|Any CPU
		{1945FA70-36EA-4492-8791-56E587331595}.Debug|Any CPU.ActiveCfg = Debug|Any CPU
		{1945FA70-36EA-4492-8791-56E587331595}.Debug|Any CPU.Build.0 = Debug|Any CPU
		{1945FA70-36EA-4492-8791-56E587331595}.Release|Any CPU.ActiveCfg = Release|Any CPU
		{1945FA70-36EA-4492-8791-56E587331595}.Release|Any CPU.Build.0 = Release|Any CPU
		{CD10411E-F124-48D8-ABA6-87AEA1D1EE10}.Debug|Any CPU.ActiveCfg = Debug|Any CPU
		{CD10411E-F124-48D8-ABA6-87AEA1D1EE10}.Debug|Any CPU.Build.0 = Debug|Any CPU
		{CD10411E-F124-48D8-ABA6-87AEA1D1EE10}.Release|Any CPU.ActiveCfg = Release|Any CPU
		{CD10411E-F124-48D8-ABA6-87AEA1D1EE10}.Release|Any CPU.Build.0 = Release|Any CPU
		{450613C1-4BD8-499E-9408-BC764F8B27B1}.Debug|Any CPU.ActiveCfg = Debug|Any CPU
		{450613C1-4BD8-499E-9408-BC764F8B27B1}.Debug|Any CPU.Build.0 = Debug|Any CPU
		{450613C1-4BD8-499E-9408-BC764F8B27B1}.Release|Any CPU.ActiveCfg = Release|Any CPU
		{450613C1-4BD8-499E-9408-BC764F8B27B1}.Release|Any CPU.Build.0 = Release|Any CPU
	EndGlobalSection
	GlobalSection(SolutionProperties) = preSolution
		HideSolutionNode = FALSE
	EndGlobalSection
	GlobalSection(NestedProjects) = preSolution
		{F322A427-D77C-46C6-89EB-3B8FEB80947B} = {270D3332-DB35-4159-B52C-A9F3CD53F57C}
		{80FBC897-D9DA-4F81-AF41-F60E8704730A} = {270D3332-DB35-4159-B52C-A9F3CD53F57C}
		{C0370168-8A92-41B8-9BEE-D02CBCC0B088} = {270D3332-DB35-4159-B52C-A9F3CD53F57C}
		{1D279C9D-A6AC-4B94-9A58-39B23A2E2B98} = {626BFDD2-D01A-4089-AEBF-69166163224C}
		{3ABA447D-C1BD-4C3F-9C73-D9BF69DDB35D} = {626BFDD2-D01A-4089-AEBF-69166163224C}
		{64901304-7AC4-4720-B67B-E601019AE933} = {626BFDD2-D01A-4089-AEBF-69166163224C}
		{270D3332-DB35-4159-B52C-A9F3CD53F57C} = {CEAFF723-C216-41EB-A7FB-C8BE7F36D241}
		{859B0E9D-336B-4639-B225-BA5B23D271B5} = {CEAFF723-C216-41EB-A7FB-C8BE7F36D241}
		{7F660B4E-0724-4563-9703-A2ABAB8ED5E2} = {859B0E9D-336B-4639-B225-BA5B23D271B5}
		{3AD2E69A-B154-4E9A-BDED-1235A8689759} = {270D3332-DB35-4159-B52C-A9F3CD53F57C}
		{5980DFFC-C0BA-4D98-B198-FFD2389C632D} = {CEAFF723-C216-41EB-A7FB-C8BE7F36D241}
		{59973F2B-C4CF-440E-90BF-D5056CFA565E} = {5980DFFC-C0BA-4D98-B198-FFD2389C632D}
		{626BFDD2-D01A-4089-AEBF-69166163224C} = {90CA24F4-CDCB-4136-B398-A2D8711577E2}
		{C0C89F92-E6EE-4BD7-ACCD-140F8B892E22} = {90CA24F4-CDCB-4136-B398-A2D8711577E2}
		{1945FA70-36EA-4492-8791-56E587331595} = {C0C89F92-E6EE-4BD7-ACCD-140F8B892E22}
		{CD10411E-F124-48D8-ABA6-87AEA1D1EE10} = {270D3332-DB35-4159-B52C-A9F3CD53F57C}
		{450613C1-4BD8-499E-9408-BC764F8B27B1} = {270D3332-DB35-4159-B52C-A9F3CD53F57C}
	EndGlobalSection
	GlobalSection(ExtensibilityGlobals) = postSolution
		SolutionGuid = {5E03E2CF-936C-4CC6-B1E1-77E724BEF5D9}
	EndGlobalSection
EndGlobal
