
Microsoft Visual Studio Solution File, Format Version 12.00
# Visual Studio Version 16
VisualStudioVersion = 16.0.31402.337
MinimumVisualStudioVersion = 10.0.40219.1
Project("{2150E333-8FDC-42A3-9474-1A3956D46DE8}") = "src", "src", "{6FF37DDB-185B-4744-8732-5AAD07870B7C}"
EndProject
Project("{2150E333-8FDC-42A3-9474-1A3956D46DE8}") = "tests", "tests", "{599B812E-0546-496D-936C-2236560826B5}"
EndProject
Project("{2150E333-8FDC-42A3-9474-1A3956D46DE8}") = "DeskTop", "DeskTop", "{0FEDBE8E-FE22-40EC-B3FF-5A6AAD40CC11}"
EndProject
Project("{2150E333-8FDC-42A3-9474-1A3956D46DE8}") = "Web", "Web", "{5E3C2A6C-2BB2-4D61-A200-22357D0486B0}"
EndProject
Project("{9A19103F-16F7-4668-BE54-9A1E7A4F7556}") = "Application.IntegrationTests", "tests\Web\Application.IntegrationTests\Application.IntegrationTests.csproj", "{101EC5A3-AAF8-49AF-9504-07A41C9BA5A5}"
EndProject
Project("{9A19103F-16F7-4668-BE54-9A1E7A4F7556}") = "Application.UnitTests", "tests\Web\Application.UnitTests\Application.UnitTests.csproj", "{24E61CA4-6BC4-4583-AF2E-7677EFB19800}"
EndProject
Project("{9A19103F-16F7-4668-BE54-9A1E7A4F7556}") = "Domain.UnitTests", "tests\Web\Domain.UnitTests\Domain.UnitTests.csproj", "{56C9AFB1-1C15-49E5-914B-09F4F153F81D}"
EndProject
Project("{9A19103F-16F7-4668-BE54-9A1E7A4F7556}") = "DeskTop.Integration.Tests", "tests\DeskTop\DeskTop.Integration.Tests\DeskTop.Integration.Tests.csproj", "{69D7768B-0A5C-4E18-9081-FD79F09F8F5F}"
EndProject
Project("{2150E333-8FDC-42A3-9474-1A3956D46DE8}") = "Core", "Core", "{B5D9912C-9F3F-4F31-8C7B-9E51BC3C4188}"
EndProject
Project("{9A19103F-16F7-4668-BE54-9A1E7A4F7556}") = "Application", "src\Core\Application\Application.csproj", "{B4E23B42-185A-461A-94EE-88F54FD30671}"
EndProject
Project("{9A19103F-16F7-4668-BE54-9A1E7A4F7556}") = "Domain", "src\Core\Domain\Domain.csproj", "{A0CA5485-D31C-4C5C-8C53-C56AF38706C6}"
EndProject
Project("{9A19103F-16F7-4668-BE54-9A1E7A4F7556}") = "Infrastructure", "src\Core\Infrastructure\Infrastructure.csproj", "{58C4AED1-84BB-41F0-B56B-13F267A31B05}"
EndProject
Project("{2150E333-8FDC-42A3-9474-1A3956D46DE8}") = "POS_WebUI", "POS_WebUI", "{122E1E2B-53CD-4CEC-B706-AA01D865C78A}"
EndProject
Project("{9A19103F-16F7-4668-BE54-9A1E7A4F7556}") = "WebUI", "src\POS_WebUI\WebUI.csproj", "{5D8E6FE4-E538-4A76-AC26-CAEF68CB7580}"
EndProject
Project("{2150E333-8FDC-42A3-9474-1A3956D46DE8}") = "POS_WPF", "POS_WPF", "{DFA0E23D-1314-4968-A244-9279C2073B3A}"
EndProject
Project("{9A19103F-16F7-4668-BE54-9A1E7A4F7556}") = "POS", "src\POS_WPF\POS.csproj", "{D4B06FEA-2A0E-4849-83B4-247F9FCEA8E7}"
EndProject
Project("{2150E333-8FDC-42A3-9474-1A3956D46DE8}") = "WebBackEnd", "WebBackEnd", "{379C215E-2822-448D-B4BE-5209494495C1}"
EndProject
Project("{9A19103F-16F7-4668-BE54-9A1E7A4F7556}") = "ApplicationWeb", "src\WebBackEnd\ApplicationWeb\ApplicationWeb.csproj", "{C57A7A7D-227C-4F77-AADE-DFC8F03A93E1}"
EndProject
Project("{9A19103F-16F7-4668-BE54-9A1E7A4F7556}") = "InfrastructureWeb", "src\WebBackEnd\InfrastructureWeb\InfrastructureWeb.csproj", "{7170C55F-5FE5-4F6D-B739-0AB39BF69116}"
EndProject
Project("{9A19103F-16F7-4668-BE54-9A1E7A4F7556}") = "POS_API", "src\WebBackEnd\POS_API\POS_API.csproj", "{7EAC2B7E-9408-4848-B56B-8ECB0909C991}"
EndProject
Global
	GlobalSection(SolutionConfigurationPlatforms) = preSolution
		Debug|Any CPU = Debug|Any CPU
		Release|Any CPU = Release|Any CPU
	EndGlobalSection
	GlobalSection(ProjectConfigurationPlatforms) = postSolution
		{101EC5A3-AAF8-49AF-9504-07A41C9BA5A5}.Debug|Any CPU.ActiveCfg = Debug|Any CPU
		{101EC5A3-AAF8-49AF-9504-07A41C9BA5A5}.Debug|Any CPU.Build.0 = Debug|Any CPU
		{101EC5A3-AAF8-49AF-9504-07A41C9BA5A5}.Release|Any CPU.ActiveCfg = Release|Any CPU
		{101EC5A3-AAF8-49AF-9504-07A41C9BA5A5}.Release|Any CPU.Build.0 = Release|Any CPU
		{24E61CA4-6BC4-4583-AF2E-7677EFB19800}.Debug|Any CPU.ActiveCfg = Debug|Any CPU
		{24E61CA4-6BC4-4583-AF2E-7677EFB19800}.Debug|Any CPU.Build.0 = Debug|Any CPU
		{24E61CA4-6BC4-4583-AF2E-7677EFB19800}.Release|Any CPU.ActiveCfg = Release|Any CPU
		{24E61CA4-6BC4-4583-AF2E-7677EFB19800}.Release|Any CPU.Build.0 = Release|Any CPU
		{56C9AFB1-1C15-49E5-914B-09F4F153F81D}.Debug|Any CPU.ActiveCfg = Debug|Any CPU
		{56C9AFB1-1C15-49E5-914B-09F4F153F81D}.Debug|Any CPU.Build.0 = Debug|Any CPU
		{56C9AFB1-1C15-49E5-914B-09F4F153F81D}.Release|Any CPU.ActiveCfg = Release|Any CPU
		{56C9AFB1-1C15-49E5-914B-09F4F153F81D}.Release|Any CPU.Build.0 = Release|Any CPU
		{69D7768B-0A5C-4E18-9081-FD79F09F8F5F}.Debug|Any CPU.ActiveCfg = Debug|Any CPU
		{69D7768B-0A5C-4E18-9081-FD79F09F8F5F}.Debug|Any CPU.Build.0 = Debug|Any CPU
		{69D7768B-0A5C-4E18-9081-FD79F09F8F5F}.Release|Any CPU.ActiveCfg = Release|Any CPU
		{69D7768B-0A5C-4E18-9081-FD79F09F8F5F}.Release|Any CPU.Build.0 = Release|Any CPU
		{B4E23B42-185A-461A-94EE-88F54FD30671}.Debug|Any CPU.ActiveCfg = Debug|Any CPU
		{B4E23B42-185A-461A-94EE-88F54FD30671}.Debug|Any CPU.Build.0 = Debug|Any CPU
		{B4E23B42-185A-461A-94EE-88F54FD30671}.Release|Any CPU.ActiveCfg = Release|Any CPU
		{B4E23B42-185A-461A-94EE-88F54FD30671}.Release|Any CPU.Build.0 = Release|Any CPU
		{A0CA5485-D31C-4C5C-8C53-C56AF38706C6}.Debug|Any CPU.ActiveCfg = Debug|Any CPU
		{A0CA5485-D31C-4C5C-8C53-C56AF38706C6}.Debug|Any CPU.Build.0 = Debug|Any CPU
		{A0CA5485-D31C-4C5C-8C53-C56AF38706C6}.Release|Any CPU.ActiveCfg = Release|Any CPU
		{A0CA5485-D31C-4C5C-8C53-C56AF38706C6}.Release|Any CPU.Build.0 = Release|Any CPU
		{58C4AED1-84BB-41F0-B56B-13F267A31B05}.Debug|Any CPU.ActiveCfg = Debug|Any CPU
		{58C4AED1-84BB-41F0-B56B-13F267A31B05}.Debug|Any CPU.Build.0 = Debug|Any CPU
		{58C4AED1-84BB-41F0-B56B-13F267A31B05}.Release|Any CPU.ActiveCfg = Release|Any CPU
		{58C4AED1-84BB-41F0-B56B-13F267A31B05}.Release|Any CPU.Build.0 = Release|Any CPU
		{5D8E6FE4-E538-4A76-AC26-CAEF68CB7580}.Debug|Any CPU.ActiveCfg = Debug|Any CPU
		{5D8E6FE4-E538-4A76-AC26-CAEF68CB7580}.Debug|Any CPU.Build.0 = Debug|Any CPU
		{5D8E6FE4-E538-4A76-AC26-CAEF68CB7580}.Release|Any CPU.ActiveCfg = Release|Any CPU
		{5D8E6FE4-E538-4A76-AC26-CAEF68CB7580}.Release|Any CPU.Build.0 = Release|Any CPU
		{D4B06FEA-2A0E-4849-83B4-247F9FCEA8E7}.Debug|Any CPU.ActiveCfg = Debug|Any CPU
		{D4B06FEA-2A0E-4849-83B4-247F9FCEA8E7}.Debug|Any CPU.Build.0 = Debug|Any CPU
		{D4B06FEA-2A0E-4849-83B4-247F9FCEA8E7}.Release|Any CPU.ActiveCfg = Release|Any CPU
		{D4B06FEA-2A0E-4849-83B4-247F9FCEA8E7}.Release|Any CPU.Build.0 = Release|Any CPU
		{C57A7A7D-227C-4F77-AADE-DFC8F03A93E1}.Debug|Any CPU.ActiveCfg = Debug|Any CPU
		{C57A7A7D-227C-4F77-AADE-DFC8F03A93E1}.Debug|Any CPU.Build.0 = Debug|Any CPU
		{C57A7A7D-227C-4F77-AADE-DFC8F03A93E1}.Release|Any CPU.ActiveCfg = Release|Any CPU
		{C57A7A7D-227C-4F77-AADE-DFC8F03A93E1}.Release|Any CPU.Build.0 = Release|Any CPU
		{7170C55F-5FE5-4F6D-B739-0AB39BF69116}.Debug|Any CPU.ActiveCfg = Debug|Any CPU
		{7170C55F-5FE5-4F6D-B739-0AB39BF69116}.Debug|Any CPU.Build.0 = Debug|Any CPU
		{7170C55F-5FE5-4F6D-B739-0AB39BF69116}.Release|Any CPU.ActiveCfg = Release|Any CPU
		{7170C55F-5FE5-4F6D-B739-0AB39BF69116}.Release|Any CPU.Build.0 = Release|Any CPU
		{7EAC2B7E-9408-4848-B56B-8ECB0909C991}.Debug|Any CPU.ActiveCfg = Debug|Any CPU
		{7EAC2B7E-9408-4848-B56B-8ECB0909C991}.Debug|Any CPU.Build.0 = Debug|Any CPU
		{7EAC2B7E-9408-4848-B56B-8ECB0909C991}.Release|Any CPU.ActiveCfg = Release|Any CPU
		{7EAC2B7E-9408-4848-B56B-8ECB0909C991}.Release|Any CPU.Build.0 = Release|Any CPU
	EndGlobalSection
	GlobalSection(SolutionProperties) = preSolution
		HideSolutionNode = FALSE
	EndGlobalSection
	GlobalSection(NestedProjects) = preSolution
		{0FEDBE8E-FE22-40EC-B3FF-5A6AAD40CC11} = {599B812E-0546-496D-936C-2236560826B5}
		{5E3C2A6C-2BB2-4D61-A200-22357D0486B0} = {599B812E-0546-496D-936C-2236560826B5}
		{101EC5A3-AAF8-49AF-9504-07A41C9BA5A5} = {5E3C2A6C-2BB2-4D61-A200-22357D0486B0}
		{24E61CA4-6BC4-4583-AF2E-7677EFB19800} = {5E3C2A6C-2BB2-4D61-A200-22357D0486B0}
		{56C9AFB1-1C15-49E5-914B-09F4F153F81D} = {5E3C2A6C-2BB2-4D61-A200-22357D0486B0}
		{69D7768B-0A5C-4E18-9081-FD79F09F8F5F} = {0FEDBE8E-FE22-40EC-B3FF-5A6AAD40CC11}
		{B5D9912C-9F3F-4F31-8C7B-9E51BC3C4188} = {6FF37DDB-185B-4744-8732-5AAD07870B7C}
		{B4E23B42-185A-461A-94EE-88F54FD30671} = {B5D9912C-9F3F-4F31-8C7B-9E51BC3C4188}
		{A0CA5485-D31C-4C5C-8C53-C56AF38706C6} = {B5D9912C-9F3F-4F31-8C7B-9E51BC3C4188}
		{58C4AED1-84BB-41F0-B56B-13F267A31B05} = {B5D9912C-9F3F-4F31-8C7B-9E51BC3C4188}
		{122E1E2B-53CD-4CEC-B706-AA01D865C78A} = {6FF37DDB-185B-4744-8732-5AAD07870B7C}
		{5D8E6FE4-E538-4A76-AC26-CAEF68CB7580} = {122E1E2B-53CD-4CEC-B706-AA01D865C78A}
		{DFA0E23D-1314-4968-A244-9279C2073B3A} = {6FF37DDB-185B-4744-8732-5AAD07870B7C}
		{D4B06FEA-2A0E-4849-83B4-247F9FCEA8E7} = {DFA0E23D-1314-4968-A244-9279C2073B3A}
		{379C215E-2822-448D-B4BE-5209494495C1} = {6FF37DDB-185B-4744-8732-5AAD07870B7C}
		{C57A7A7D-227C-4F77-AADE-DFC8F03A93E1} = {379C215E-2822-448D-B4BE-5209494495C1}
		{7170C55F-5FE5-4F6D-B739-0AB39BF69116} = {379C215E-2822-448D-B4BE-5209494495C1}
		{7EAC2B7E-9408-4848-B56B-8ECB0909C991} = {379C215E-2822-448D-B4BE-5209494495C1}
	EndGlobalSection
	GlobalSection(ExtensibilityGlobals) = postSolution
		SolutionGuid = {5E03E2CF-936C-4CC6-B1E1-77E724BEF5D9}
	EndGlobalSection
EndGlobal
